// !$*UTF8*$!
{
	archiveVersion = 1;
	classes = {
	};
	objectVersion = 46;
	objects = {

/* Begin PBXBuildFile section */
		1F19214E1BA9DFED0084D643 /* Question.m in Sources */ = {isa = PBXBuildFile; fileRef = 1F19214D1BA9DFED0084D643 /* Question.m */; };
		1F1921511BA9E0190084D643 /* User.m in Sources */ = {isa = PBXBuildFile; fileRef = 1F1921501BA9E0190084D643 /* User.m */; };
		1F1921541BA9E0760084D643 /* StackOverFlowParser.m in Sources */ = {isa = PBXBuildFile; fileRef = 1F1921531BA9E0760084D643 /* StackOverFlowParser.m */; };
		1F4051E11BA8BDF5008FC158 /* StackOverflowService.m in Sources */ = {isa = PBXBuildFile; fileRef = 1F4051E01BA8BDF5008FC158 /* StackOverflowService.m */; };
		1F4051E41BA8C597008FC158 /* Error.m in Sources */ = {isa = PBXBuildFile; fileRef = 1F4051E31BA8C597008FC158 /* Error.m */; };
		1FA2C00B1BAB456600EF81DD /* MenuTableViewController.m in Sources */ = {isa = PBXBuildFile; fileRef = 1FA2C00A1BAB456600EF81DD /* MenuTableViewController.m */; };
		1FAFD9A01BAA0A610076EA05 /* ProfileViewController.m in Sources */ = {isa = PBXBuildFile; fileRef = 1FAFD99F1BAA0A610076EA05 /* ProfileViewController.m */; };
		1FC627781BA9F64D00A94CDB /* QuestionCell.m in Sources */ = {isa = PBXBuildFile; fileRef = 1FC627771BA9F64D00A94CDB /* QuestionCell.m */; };
		1FEE0A4B1BA766C700C0345D /* main.m in Sources */ = {isa = PBXBuildFile; fileRef = 1FEE0A4A1BA766C700C0345D /* main.m */; };
		1FEE0A4E1BA766C700C0345D /* AppDelegate.m in Sources */ = {isa = PBXBuildFile; fileRef = 1FEE0A4D1BA766C700C0345D /* AppDelegate.m */; };
		1FEE0A541BA766C700C0345D /* Main.storyboard in Resources */ = {isa = PBXBuildFile; fileRef = 1FEE0A521BA766C700C0345D /* Main.storyboard */; };
		1FEE0A561BA766C700C0345D /* Images.xcassets in Resources */ = {isa = PBXBuildFile; fileRef = 1FEE0A551BA766C700C0345D /* Images.xcassets */; };
		1FEE0A591BA766C700C0345D /* LaunchScreen.xib in Resources */ = {isa = PBXBuildFile; fileRef = 1FEE0A571BA766C700C0345D /* LaunchScreen.xib */; };
		1FEE0A651BA766C700C0345D /* StackOverClientTests.m in Sources */ = {isa = PBXBuildFile; fileRef = 1FEE0A641BA766C700C0345D /* StackOverClientTests.m */; };
		1FEE0A701BA766E700C0345D /* BurgerMenuViewController.m in Sources */ = {isa = PBXBuildFile; fileRef = 1FEE0A6F1BA766E700C0345D /* BurgerMenuViewController.m */; };
		1FEE0A731BA769B100C0345D /* QuestionSearchViewController.m in Sources */ = {isa = PBXBuildFile; fileRef = 1FEE0A721BA769B100C0345D /* QuestionSearchViewController.m */; };
		1FEE0A761BA7747C00C0345D /* MyQuestionsViewController.m in Sources */ = {isa = PBXBuildFile; fileRef = 1FEE0A751BA7747C00C0345D /* MyQuestionsViewController.m */; };
		1FEE0A791BA77BC300C0345D /* WebViewController.m in Sources */ = {isa = PBXBuildFile; fileRef = 1FEE0A781BA77BC300C0345D /* WebViewController.m */; };
		C23A7B20EB1642A99F79192A /* libPods-StackOverClient.a in Frameworks */ = {isa = PBXBuildFile; fileRef = B797C1AC5EB065EFEE623071 /* libPods-StackOverClient.a */; };
/* End PBXBuildFile section */

/* Begin PBXContainerItemProxy section */
		1FEE0A5F1BA766C700C0345D /* PBXContainerItemProxy */ = {
			isa = PBXContainerItemProxy;
			containerPortal = 1FEE0A3D1BA766C600C0345D /* Project object */;
			proxyType = 1;
			remoteGlobalIDString = 1FEE0A441BA766C700C0345D;
			remoteInfo = StackOverClient;
		};
/* End PBXContainerItemProxy section */

/* Begin PBXFileReference section */
		16B18BDB23D5EBB57DA82BC6 /* Pods-StackOverClient.debug.xcconfig */ = {isa = PBXFileReference; includeInIndex = 1; lastKnownFileType = text.xcconfig; name = "Pods-StackOverClient.debug.xcconfig"; path = "Pods/Target Support Files/Pods-StackOverClient/Pods-StackOverClient.debug.xcconfig"; sourceTree = "<group>"; };
		1F19214C1BA9DFED0084D643 /* Question.h */ = {isa = PBXFileReference; fileEncoding = 4; lastKnownFileType = sourcecode.c.h; path = Question.h; sourceTree = "<group>"; };
		1F19214D1BA9DFED0084D643 /* Question.m */ = {isa = PBXFileReference; fileEncoding = 4; lastKnownFileType = sourcecode.c.objc; path = Question.m; sourceTree = "<group>"; };
		1F19214F1BA9E0190084D643 /* User.h */ = {isa = PBXFileReference; fileEncoding = 4; lastKnownFileType = sourcecode.c.h; path = User.h; sourceTree = "<group>"; };
		1F1921501BA9E0190084D643 /* User.m */ = {isa = PBXFileReference; fileEncoding = 4; lastKnownFileType = sourcecode.c.objc; path = User.m; sourceTree = "<group>"; };
		1F1921521BA9E0760084D643 /* StackOverFlowParser.h */ = {isa = PBXFileReference; fileEncoding = 4; lastKnownFileType = sourcecode.c.h; path = StackOverFlowParser.h; sourceTree = "<group>"; };
		1F1921531BA9E0760084D643 /* StackOverFlowParser.m */ = {isa = PBXFileReference; fileEncoding = 4; lastKnownFileType = sourcecode.c.objc; path = StackOverFlowParser.m; sourceTree = "<group>"; };
		1F4051DF1BA8BDF5008FC158 /* StackOverflowService.h */ = {isa = PBXFileReference; fileEncoding = 4; lastKnownFileType = sourcecode.c.h; path = StackOverflowService.h; sourceTree = "<group>"; };
		1F4051E01BA8BDF5008FC158 /* StackOverflowService.m */ = {isa = PBXFileReference; fileEncoding = 4; lastKnownFileType = sourcecode.c.objc; path = StackOverflowService.m; sourceTree = "<group>"; };
		1F4051E21BA8C597008FC158 /* Error.h */ = {isa = PBXFileReference; fileEncoding = 4; lastKnownFileType = sourcecode.c.h; path = Error.h; sourceTree = "<group>"; };
		1F4051E31BA8C597008FC158 /* Error.m */ = {isa = PBXFileReference; fileEncoding = 4; lastKnownFileType = sourcecode.c.objc; path = Error.m; sourceTree = "<group>"; };
		1FA2C0091BAB456600EF81DD /* MenuTableViewController.h */ = {isa = PBXFileReference; fileEncoding = 4; lastKnownFileType = sourcecode.c.h; path = MenuTableViewController.h; sourceTree = "<group>"; };
		1FA2C00A1BAB456600EF81DD /* MenuTableViewController.m */ = {isa = PBXFileReference; fileEncoding = 4; lastKnownFileType = sourcecode.c.objc; path = MenuTableViewController.m; sourceTree = "<group>"; };
		1FAFD99E1BAA0A610076EA05 /* ProfileViewController.h */ = {isa = PBXFileReference; fileEncoding = 4; lastKnownFileType = sourcecode.c.h; path = ProfileViewController.h; sourceTree = "<group>"; };
		1FAFD99F1BAA0A610076EA05 /* ProfileViewController.m */ = {isa = PBXFileReference; fileEncoding = 4; lastKnownFileType = sourcecode.c.objc; path = ProfileViewController.m; sourceTree = "<group>"; };
		1FC627761BA9F64D00A94CDB /* QuestionCell.h */ = {isa = PBXFileReference; fileEncoding = 4; lastKnownFileType = sourcecode.c.h; path = QuestionCell.h; sourceTree = "<group>"; };
		1FC627771BA9F64D00A94CDB /* QuestionCell.m */ = {isa = PBXFileReference; fileEncoding = 4; lastKnownFileType = sourcecode.c.objc; path = QuestionCell.m; sourceTree = "<group>"; };
		1FEE0A451BA766C700C0345D /* StackOverClient.app */ = {isa = PBXFileReference; explicitFileType = wrapper.application; includeInIndex = 0; path = StackOverClient.app; sourceTree = BUILT_PRODUCTS_DIR; };
		1FEE0A491BA766C700C0345D /* Info.plist */ = {isa = PBXFileReference; lastKnownFileType = text.plist.xml; path = Info.plist; sourceTree = "<group>"; };
		1FEE0A4A1BA766C700C0345D /* main.m */ = {isa = PBXFileReference; lastKnownFileType = sourcecode.c.objc; path = main.m; sourceTree = "<group>"; };
		1FEE0A4C1BA766C700C0345D /* AppDelegate.h */ = {isa = PBXFileReference; lastKnownFileType = sourcecode.c.h; path = AppDelegate.h; sourceTree = "<group>"; };
		1FEE0A4D1BA766C700C0345D /* AppDelegate.m */ = {isa = PBXFileReference; lastKnownFileType = sourcecode.c.objc; path = AppDelegate.m; sourceTree = "<group>"; };
		1FEE0A531BA766C700C0345D /* Base */ = {isa = PBXFileReference; lastKnownFileType = file.storyboard; name = Base; path = Base.lproj/Main.storyboard; sourceTree = "<group>"; };
		1FEE0A551BA766C700C0345D /* Images.xcassets */ = {isa = PBXFileReference; lastKnownFileType = folder.assetcatalog; path = Images.xcassets; sourceTree = "<group>"; };
		1FEE0A581BA766C700C0345D /* Base */ = {isa = PBXFileReference; lastKnownFileType = file.xib; name = Base; path = Base.lproj/LaunchScreen.xib; sourceTree = "<group>"; };
		1FEE0A5E1BA766C700C0345D /* StackOverClientTests.xctest */ = {isa = PBXFileReference; explicitFileType = wrapper.cfbundle; includeInIndex = 0; path = StackOverClientTests.xctest; sourceTree = BUILT_PRODUCTS_DIR; };
		1FEE0A631BA766C700C0345D /* Info.plist */ = {isa = PBXFileReference; lastKnownFileType = text.plist.xml; path = Info.plist; sourceTree = "<group>"; };
		1FEE0A641BA766C700C0345D /* StackOverClientTests.m */ = {isa = PBXFileReference; lastKnownFileType = sourcecode.c.objc; path = StackOverClientTests.m; sourceTree = "<group>"; };
		1FEE0A6E1BA766E700C0345D /* BurgerMenuViewController.h */ = {isa = PBXFileReference; fileEncoding = 4; lastKnownFileType = sourcecode.c.h; path = BurgerMenuViewController.h; sourceTree = "<group>"; };
		1FEE0A6F1BA766E700C0345D /* BurgerMenuViewController.m */ = {isa = PBXFileReference; fileEncoding = 4; lastKnownFileType = sourcecode.c.objc; path = BurgerMenuViewController.m; sourceTree = "<group>"; };
		1FEE0A711BA769B100C0345D /* QuestionSearchViewController.h */ = {isa = PBXFileReference; fileEncoding = 4; lastKnownFileType = sourcecode.c.h; path = QuestionSearchViewController.h; sourceTree = "<group>"; };
		1FEE0A721BA769B100C0345D /* QuestionSearchViewController.m */ = {isa = PBXFileReference; fileEncoding = 4; lastKnownFileType = sourcecode.c.objc; path = QuestionSearchViewController.m; sourceTree = "<group>"; };
		1FEE0A741BA7747C00C0345D /* MyQuestionsViewController.h */ = {isa = PBXFileReference; fileEncoding = 4; lastKnownFileType = sourcecode.c.h; path = MyQuestionsViewController.h; sourceTree = "<group>"; };
		1FEE0A751BA7747C00C0345D /* MyQuestionsViewController.m */ = {isa = PBXFileReference; fileEncoding = 4; lastKnownFileType = sourcecode.c.objc; path = MyQuestionsViewController.m; sourceTree = "<group>"; };
		1FEE0A771BA77BC300C0345D /* WebViewController.h */ = {isa = PBXFileReference; fileEncoding = 4; lastKnownFileType = sourcecode.c.h; path = WebViewController.h; sourceTree = "<group>"; };
		1FEE0A781BA77BC300C0345D /* WebViewController.m */ = {isa = PBXFileReference; fileEncoding = 4; lastKnownFileType = sourcecode.c.objc; path = WebViewController.m; sourceTree = "<group>"; };
		3F8F0437659E281E4A4257F5 /* Pods-StackOverClient.release.xcconfig */ = {isa = PBXFileReference; includeInIndex = 1; lastKnownFileType = text.xcconfig; name = "Pods-StackOverClient.release.xcconfig"; path = "Pods/Target Support Files/Pods-StackOverClient/Pods-StackOverClient.release.xcconfig"; sourceTree = "<group>"; };
		B797C1AC5EB065EFEE623071 /* libPods-StackOverClient.a */ = {isa = PBXFileReference; explicitFileType = archive.ar; includeInIndex = 0; path = "libPods-StackOverClient.a"; sourceTree = BUILT_PRODUCTS_DIR; };
/* End PBXFileReference section */

/* Begin PBXFrameworksBuildPhase section */
		1FEE0A421BA766C700C0345D /* Frameworks */ = {
			isa = PBXFrameworksBuildPhase;
			buildActionMask = 2147483647;
			files = (
				C23A7B20EB1642A99F79192A /* libPods-StackOverClient.a in Frameworks */,
			);
			runOnlyForDeploymentPostprocessing = 0;
		};
		1FEE0A5B1BA766C700C0345D /* Frameworks */ = {
			isa = PBXFrameworksBuildPhase;
			buildActionMask = 2147483647;
			files = (
			);
			runOnlyForDeploymentPostprocessing = 0;
		};
/* End PBXFrameworksBuildPhase section */

/* Begin PBXGroup section */
		11CC5B78E67B0AB08A736734 /* Pods */ = {
			isa = PBXGroup;
			children = (
				16B18BDB23D5EBB57DA82BC6 /* Pods-StackOverClient.debug.xcconfig */,
				3F8F0437659E281E4A4257F5 /* Pods-StackOverClient.release.xcconfig */,
			);
			name = Pods;
			sourceTree = "<group>";
		};
		1F985C341BA89AF200C70835 /* Model */ = {
			isa = PBXGroup;
			children = (
				1F1921521BA9E0760084D643 /* StackOverFlowParser.h */,
				1F1921531BA9E0760084D643 /* StackOverFlowParser.m */,
				1F19214F1BA9E0190084D643 /* User.h */,
				1F1921501BA9E0190084D643 /* User.m */,
				1F19214C1BA9DFED0084D643 /* Question.h */,
				1F19214D1BA9DFED0084D643 /* Question.m */,
				1F4051E21BA8C597008FC158 /* Error.h */,
				1F4051E31BA8C597008FC158 /* Error.m */,
				1F4051DF1BA8BDF5008FC158 /* StackOverflowService.h */,
				1F4051E01BA8BDF5008FC158 /* StackOverflowService.m */,
			);
			name = Model;
			sourceTree = "<group>";
		};
		1F985C351BA89AF700C70835 /* View */ = {
			isa = PBXGroup;
			children = (
				1FC627761BA9F64D00A94CDB /* QuestionCell.h */,
				1FC627771BA9F64D00A94CDB /* QuestionCell.m */,
				1FEE0A521BA766C700C0345D /* Main.storyboard */,
				1FEE0A551BA766C700C0345D /* Images.xcassets */,
				1FEE0A571BA766C700C0345D /* LaunchScreen.xib */,
			);
			name = View;
			sourceTree = "<group>";
		};
		1F985C361BA89AFB00C70835 /* Controller */ = {
			isa = PBXGroup;
			children = (
				1FA2C0091BAB456600EF81DD /* MenuTableViewController.h */,
				1FA2C00A1BAB456600EF81DD /* MenuTableViewController.m */,
				1FAFD99E1BAA0A610076EA05 /* ProfileViewController.h */,
				1FAFD99F1BAA0A610076EA05 /* ProfileViewController.m */,
				1FEE0A771BA77BC300C0345D /* WebViewController.h */,
				1FEE0A781BA77BC300C0345D /* WebViewController.m */,
				1FEE0A711BA769B100C0345D /* QuestionSearchViewController.h */,
				1FEE0A721BA769B100C0345D /* QuestionSearchViewController.m */,
				1FEE0A6E1BA766E700C0345D /* BurgerMenuViewController.h */,
				1FEE0A6F1BA766E700C0345D /* BurgerMenuViewController.m */,
				1FEE0A741BA7747C00C0345D /* MyQuestionsViewController.h */,
				1FEE0A751BA7747C00C0345D /* MyQuestionsViewController.m */,
			);
			name = Controller;
			sourceTree = "<group>";
		};
		1FEE0A3C1BA766C600C0345D = {
			isa = PBXGroup;
			children = (
				1FEE0A471BA766C700C0345D /* StackOverClient */,
				1FEE0A611BA766C700C0345D /* StackOverClientTests */,
				1FEE0A461BA766C700C0345D /* Products */,
				11CC5B78E67B0AB08A736734 /* Pods */,
				F572D0446B98B38516950410 /* Frameworks */,
			);
			sourceTree = "<group>";
		};
		1FEE0A461BA766C700C0345D /* Products */ = {
			isa = PBXGroup;
			children = (
				1FEE0A451BA766C700C0345D /* StackOverClient.app */,
				1FEE0A5E1BA766C700C0345D /* StackOverClientTests.xctest */,
			);
			name = Products;
			sourceTree = "<group>";
		};
		1FEE0A471BA766C700C0345D /* StackOverClient */ = {
			isa = PBXGroup;
			children = (
				1F985C361BA89AFB00C70835 /* Controller */,
				1F985C351BA89AF700C70835 /* View */,
				1F985C341BA89AF200C70835 /* Model */,
				1FEE0A4C1BA766C700C0345D /* AppDelegate.h */,
				1FEE0A4D1BA766C700C0345D /* AppDelegate.m */,
				1FEE0A481BA766C700C0345D /* Supporting Files */,
			);
			path = StackOverClient;
			sourceTree = "<group>";
		};
		1FEE0A481BA766C700C0345D /* Supporting Files */ = {
			isa = PBXGroup;
			children = (
				1FEE0A491BA766C700C0345D /* Info.plist */,
				1FEE0A4A1BA766C700C0345D /* main.m */,
			);
			name = "Supporting Files";
			sourceTree = "<group>";
		};
		1FEE0A611BA766C700C0345D /* StackOverClientTests */ = {
			isa = PBXGroup;
			children = (
				1FEE0A641BA766C700C0345D /* StackOverClientTests.m */,
				1FEE0A621BA766C700C0345D /* Supporting Files */,
			);
			path = StackOverClientTests;
			sourceTree = "<group>";
		};
		1FEE0A621BA766C700C0345D /* Supporting Files */ = {
			isa = PBXGroup;
			children = (
				1FEE0A631BA766C700C0345D /* Info.plist */,
			);
			name = "Supporting Files";
			sourceTree = "<group>";
		};
		F572D0446B98B38516950410 /* Frameworks */ = {
			isa = PBXGroup;
			children = (
				B797C1AC5EB065EFEE623071 /* libPods-StackOverClient.a */,
			);
			name = Frameworks;
			sourceTree = "<group>";
		};
/* End PBXGroup section */

/* Begin PBXNativeTarget section */
		1FEE0A441BA766C700C0345D /* StackOverClient */ = {
			isa = PBXNativeTarget;
			buildConfigurationList = 1FEE0A681BA766C700C0345D /* Build configuration list for PBXNativeTarget "StackOverClient" */;
			buildPhases = (
				2CD5832A081F7C29A6ADA90F /* Check Pods Manifest.lock */,
				1FEE0A411BA766C700C0345D /* Sources */,
				1FEE0A421BA766C700C0345D /* Frameworks */,
				1FEE0A431BA766C700C0345D /* Resources */,
				9DC4369898533102AA208CC0 /* Copy Pods Resources */,
			);
			buildRules = (
			);
			dependencies = (
			);
			name = StackOverClient;
			productName = StackOverClient;
			productReference = 1FEE0A451BA766C700C0345D /* StackOverClient.app */;
			productType = "com.apple.product-type.application";
		};
		1FEE0A5D1BA766C700C0345D /* StackOverClientTests */ = {
			isa = PBXNativeTarget;
			buildConfigurationList = 1FEE0A6B1BA766C700C0345D /* Build configuration list for PBXNativeTarget "StackOverClientTests" */;
			buildPhases = (
				1FEE0A5A1BA766C700C0345D /* Sources */,
				1FEE0A5B1BA766C700C0345D /* Frameworks */,
				1FEE0A5C1BA766C700C0345D /* Resources */,
			);
			buildRules = (
			);
			dependencies = (
				1FEE0A601BA766C700C0345D /* PBXTargetDependency */,
			);
			name = StackOverClientTests;
			productName = StackOverClientTests;
			productReference = 1FEE0A5E1BA766C700C0345D /* StackOverClientTests.xctest */;
			productType = "com.apple.product-type.bundle.unit-test";
		};
/* End PBXNativeTarget section */

/* Begin PBXProject section */
		1FEE0A3D1BA766C600C0345D /* Project object */ = {
			isa = PBXProject;
			attributes = {
				LastUpgradeCheck = 0640;
				ORGANIZATIONNAME = "Jeffrey Jacka";
				TargetAttributes = {
					1FEE0A441BA766C700C0345D = {
						CreatedOnToolsVersion = 6.4;
					};
					1FEE0A5D1BA766C700C0345D = {
						CreatedOnToolsVersion = 6.4;
						TestTargetID = 1FEE0A441BA766C700C0345D;
					};
				};
			};
			buildConfigurationList = 1FEE0A401BA766C600C0345D /* Build configuration list for PBXProject "StackOverClient" */;
			compatibilityVersion = "Xcode 3.2";
			developmentRegion = English;
			hasScannedForEncodings = 0;
			knownRegions = (
				en,
				Base,
			);
			mainGroup = 1FEE0A3C1BA766C600C0345D;
			productRefGroup = 1FEE0A461BA766C700C0345D /* Products */;
			projectDirPath = "";
			projectRoot = "";
			targets = (
				1FEE0A441BA766C700C0345D /* StackOverClient */,
				1FEE0A5D1BA766C700C0345D /* StackOverClientTests */,
			);
		};
/* End PBXProject section */

/* Begin PBXResourcesBuildPhase section */
		1FEE0A431BA766C700C0345D /* Resources */ = {
			isa = PBXResourcesBuildPhase;
			buildActionMask = 2147483647;
			files = (
				1FEE0A541BA766C700C0345D /* Main.storyboard in Resources */,
				1FEE0A591BA766C700C0345D /* LaunchScreen.xib in Resources */,
				1FEE0A561BA766C700C0345D /* Images.xcassets in Resources */,
			);
			runOnlyForDeploymentPostprocessing = 0;
		};
		1FEE0A5C1BA766C700C0345D /* Resources */ = {
			isa = PBXResourcesBuildPhase;
			buildActionMask = 2147483647;
			files = (
			);
			runOnlyForDeploymentPostprocessing = 0;
		};
/* End PBXResourcesBuildPhase section */

/* Begin PBXShellScriptBuildPhase section */
		2CD5832A081F7C29A6ADA90F /* Check Pods Manifest.lock */ = {
			isa = PBXShellScriptBuildPhase;
			buildActionMask = 2147483647;
			files = (
			);
			inputPaths = (
			);
			name = "Check Pods Manifest.lock";
			outputPaths = (
			);
			runOnlyForDeploymentPostprocessing = 0;
			shellPath = /bin/sh;
			shellScript = "diff \"${PODS_ROOT}/../Podfile.lock\" \"${PODS_ROOT}/Manifest.lock\" > /dev/null\nif [[ $? != 0 ]] ; then\n    cat << EOM\nerror: The sandbox is not in sync with the Podfile.lock. Run 'pod install' or update your CocoaPods installation.\nEOM\n    exit 1\nfi\n";
			showEnvVarsInLog = 0;
		};
		9DC4369898533102AA208CC0 /* Copy Pods Resources */ = {
			isa = PBXShellScriptBuildPhase;
			buildActionMask = 2147483647;
			files = (
			);
			inputPaths = (
			);
			name = "Copy Pods Resources";
			outputPaths = (
			);
			runOnlyForDeploymentPostprocessing = 0;
			shellPath = /bin/sh;
			shellScript = "\"${SRCROOT}/Pods/Target Support Files/Pods-StackOverClient/Pods-StackOverClient-resources.sh\"\n";
			showEnvVarsInLog = 0;
		};
/* End PBXShellScriptBuildPhase section */

/* Begin PBXSourcesBuildPhase section */
		1FEE0A411BA766C700C0345D /* Sources */ = {
			isa = PBXSourcesBuildPhase;
			buildActionMask = 2147483647;
			files = (
				1FEE0A701BA766E700C0345D /* BurgerMenuViewController.m in Sources */,
				1F1921511BA9E0190084D643 /* User.m in Sources */,
				1FEE0A791BA77BC300C0345D /* WebViewController.m in Sources */,
				1FEE0A4E1BA766C700C0345D /* AppDelegate.m in Sources */,
				1FEE0A731BA769B100C0345D /* QuestionSearchViewController.m in Sources */,
				1FC627781BA9F64D00A94CDB /* QuestionCell.m in Sources */,
				1F4051E41BA8C597008FC158 /* Error.m in Sources */,
				1F4051E11BA8BDF5008FC158 /* StackOverflowService.m in Sources */,
				1F1921541BA9E0760084D643 /* StackOverFlowParser.m in Sources */,
				1FAFD9A01BAA0A610076EA05 /* ProfileViewController.m in Sources */,
				1F19214E1BA9DFED0084D643 /* Question.m in Sources */,
				1FEE0A4B1BA766C700C0345D /* main.m in Sources */,
				1FA2C00B1BAB456600EF81DD /* MenuTableViewController.m in Sources */,
				1FEE0A761BA7747C00C0345D /* MyQuestionsViewController.m in Sources */,
			);
			runOnlyForDeploymentPostprocessing = 0;
		};
		1FEE0A5A1BA766C700C0345D /* Sources */ = {
			isa = PBXSourcesBuildPhase;
			buildActionMask = 2147483647;
			files = (
				1FEE0A651BA766C700C0345D /* StackOverClientTests.m in Sources */,
			);
			runOnlyForDeploymentPostprocessing = 0;
		};
/* End PBXSourcesBuildPhase section */

/* Begin PBXTargetDependency section */
		1FEE0A601BA766C700C0345D /* PBXTargetDependency */ = {
			isa = PBXTargetDependency;
			target = 1FEE0A441BA766C700C0345D /* StackOverClient */;
			targetProxy = 1FEE0A5F1BA766C700C0345D /* PBXContainerItemProxy */;
		};
/* End PBXTargetDependency section */

/* Begin PBXVariantGroup section */
		1FEE0A521BA766C700C0345D /* Main.storyboard */ = {
			isa = PBXVariantGroup;
			children = (
				1FEE0A531BA766C700C0345D /* Base */,
			);
			name = Main.storyboard;
			sourceTree = "<group>";
		};
		1FEE0A571BA766C700C0345D /* LaunchScreen.xib */ = {
			isa = PBXVariantGroup;
			children = (
				1FEE0A581BA766C700C0345D /* Base */,
			);
			name = LaunchScreen.xib;
			sourceTree = "<group>";
		};
/* End PBXVariantGroup section */

/* Begin XCBuildConfiguration section */
		1FEE0A661BA766C700C0345D /* Debug */ = {
			isa = XCBuildConfiguration;
			buildSettings = {
				ALWAYS_SEARCH_USER_PATHS = NO;
				CLANG_CXX_LANGUAGE_STANDARD = "gnu++0x";
				CLANG_CXX_LIBRARY = "libc++";
				CLANG_ENABLE_MODULES = YES;
				CLANG_ENABLE_OBJC_ARC = YES;
				CLANG_WARN_BOOL_CONVERSION = YES;
				CLANG_WARN_CONSTANT_CONVERSION = YES;
				CLANG_WARN_DIRECT_OBJC_ISA_USAGE = YES_ERROR;
				CLANG_WARN_EMPTY_BODY = YES;
				CLANG_WARN_ENUM_CONVERSION = YES;
				CLANG_WARN_INT_CONVERSION = YES;
				CLANG_WARN_OBJC_ROOT_CLASS = YES_ERROR;
				CLANG_WARN_UNREACHABLE_CODE = YES;
				CLANG_WARN__DUPLICATE_METHOD_MATCH = YES;
				"CODE_SIGN_IDENTITY[sdk=iphoneos*]" = "iPhone Developer";
				COPY_PHASE_STRIP = NO;
				DEBUG_INFORMATION_FORMAT = "dwarf-with-dsym";
				ENABLE_STRICT_OBJC_MSGSEND = YES;
				GCC_C_LANGUAGE_STANDARD = gnu99;
				GCC_DYNAMIC_NO_PIC = NO;
				GCC_NO_COMMON_BLOCKS = YES;
				GCC_OPTIMIZATION_LEVEL = 0;
				GCC_PREPROCESSOR_DEFINITIONS = (
					"DEBUG=1",
					"$(inherited)",
				);
				GCC_SYMBOLS_PRIVATE_EXTERN = NO;
				GCC_WARN_64_TO_32_BIT_CONVERSION = YES;
				GCC_WARN_ABOUT_RETURN_TYPE = YES_ERROR;
				GCC_WARN_UNDECLARED_SELECTOR = YES;
				GCC_WARN_UNINITIALIZED_AUTOS = YES_AGGRESSIVE;
				GCC_WARN_UNUSED_FUNCTION = YES;
				GCC_WARN_UNUSED_VARIABLE = YES;
				IPHONEOS_DEPLOYMENT_TARGET = 8.4;
				MTL_ENABLE_DEBUG_INFO = YES;
				ONLY_ACTIVE_ARCH = YES;
				SDKROOT = iphoneos;
				TARGETED_DEVICE_FAMILY = "1,2";
			};
			name = Debug;
		};
		1FEE0A671BA766C700C0345D /* Release */ = {
			isa = XCBuildConfiguration;
			buildSettings = {
				ALWAYS_SEARCH_USER_PATHS = NO;
				CLANG_CXX_LANGUAGE_STANDARD = "gnu++0x";
				CLANG_CXX_LIBRARY = "libc++";
				CLANG_ENABLE_MODULES = YES;
				CLANG_ENABLE_OBJC_ARC = YES;
				CLANG_WARN_BOOL_CONVERSION = YES;
				CLANG_WARN_CONSTANT_CONVERSION = YES;
				CLANG_WARN_DIRECT_OBJC_ISA_USAGE = YES_ERROR;
				CLANG_WARN_EMPTY_BODY = YES;
				CLANG_WARN_ENUM_CONVERSION = YES;
				CLANG_WARN_INT_CONVERSION = YES;
				CLANG_WARN_OBJC_ROOT_CLASS = YES_ERROR;
				CLANG_WARN_UNREACHABLE_CODE = YES;
				CLANG_WARN__DUPLICATE_METHOD_MATCH = YES;
				"CODE_SIGN_IDENTITY[sdk=iphoneos*]" = "iPhone Developer";
				COPY_PHASE_STRIP = NO;
				DEBUG_INFORMATION_FORMAT = "dwarf-with-dsym";
				ENABLE_NS_ASSERTIONS = NO;
				ENABLE_STRICT_OBJC_MSGSEND = YES;
				GCC_C_LANGUAGE_STANDARD = gnu99;
				GCC_NO_COMMON_BLOCKS = YES;
				GCC_WARN_64_TO_32_BIT_CONVERSION = YES;
				GCC_WARN_ABOUT_RETURN_TYPE = YES_ERROR;
				GCC_WARN_UNDECLARED_SELECTOR = YES;
				GCC_WARN_UNINITIALIZED_AUTOS = YES_AGGRESSIVE;
				GCC_WARN_UNUSED_FUNCTION = YES;
				GCC_WARN_UNUSED_VARIABLE = YES;
				IPHONEOS_DEPLOYMENT_TARGET = 8.4;
				MTL_ENABLE_DEBUG_INFO = NO;
				SDKROOT = iphoneos;
				TARGETED_DEVICE_FAMILY = "1,2";
				VALIDATE_PRODUCT = YES;
			};
			name = Release;
		};
		1FEE0A691BA766C700C0345D /* Debug */ = {
			isa = XCBuildConfiguration;
			baseConfigurationReference = 16B18BDB23D5EBB57DA82BC6 /* Pods-StackOverClient.debug.xcconfig */;
			buildSettings = {
				ASSETCATALOG_COMPILER_APPICON_NAME = AppIcon;
				INFOPLIST_FILE = StackOverClient/Info.plist;
				LD_RUNPATH_SEARCH_PATHS = "$(inherited) @executable_path/Frameworks";
				PRODUCT_NAME = "$(TARGET_NAME)";
			};
			name = Debug;
		};
		1FEE0A6A1BA766C700C0345D /* Release */ = {
			isa = XCBuildConfiguration;
			baseConfigurationReference = 3F8F0437659E281E4A4257F5 /* Pods-StackOverClient.release.xcconfig */;
			buildSettings = {
				ASSETCATALOG_COMPILER_APPICON_NAME = AppIcon;
				INFOPLIST_FILE = StackOverClient/Info.plist;
				LD_RUNPATH_SEARCH_PATHS = "$(inherited) @executable_path/Frameworks";
				PRODUCT_NAME = "$(TARGET_NAME)";
			};
			name = Release;
		};
		1FEE0A6C1BA766C700C0345D /* Debug */ = {
			isa = XCBuildConfiguration;
			buildSettings = {
				BUNDLE_LOADER = "$(TEST_HOST)";
				FRAMEWORK_SEARCH_PATHS = (
					"$(SDKROOT)/Developer/Library/Frameworks",
					"$(inherited)",
				);
				GCC_PREPROCESSOR_DEFINITIONS = (
					"DEBUG=1",
					"$(inherited)",
				);
				INFOPLIST_FILE = StackOverClientTests/Info.plist;
				LD_RUNPATH_SEARCH_PATHS = "$(inherited) @executable_path/Frameworks @loader_path/Frameworks";
				PRODUCT_NAME = "$(TARGET_NAME)";
				TEST_HOST = "$(BUILT_PRODUCTS_DIR)/StackOverClient.app/StackOverClient";
			};
			name = Debug;
		};
		1FEE0A6D1BA766C700C0345D /* Release */ = {
			isa = XCBuildConfiguration;
			buildSettings = {
				BUNDLE_LOADER = "$(TEST_HOST)";
				FRAMEWORK_SEARCH_PATHS = (
					"$(SDKROOT)/Developer/Library/Frameworks",
					"$(inherited)",
				);
				INFOPLIST_FILE = StackOverClientTests/Info.plist;
				LD_RUNPATH_SEARCH_PATHS = "$(inherited) @executable_path/Frameworks @loader_path/Frameworks";
				PRODUCT_NAME = "$(TARGET_NAME)";
				TEST_HOST = "$(BUILT_PRODUCTS_DIR)/StackOverClient.app/StackOverClient";
			};
			name = Release;
		};
/* End XCBuildConfiguration section */

/* Begin XCConfigurationList section */
		1FEE0A401BA766C600C0345D /* Build configuration list for PBXProject "StackOverClient" */ = {
			isa = XCConfigurationList;
			buildConfigurations = (
				1FEE0A661BA766C700C0345D /* Debug */,
				1FEE0A671BA766C700C0345D /* Release */,
			);
			defaultConfigurationIsVisible = 0;
			defaultConfigurationName = Release;
		};
		1FEE0A681BA766C700C0345D /* Build configuration list for PBXNativeTarget "StackOverClient" */ = {
			isa = XCConfigurationList;
			buildConfigurations = (
				1FEE0A691BA766C700C0345D /* Debug */,
				1FEE0A6A1BA766C700C0345D /* Release */,
			);
			defaultConfigurationIsVisible = 0;
			defaultConfigurationName = Release;
		};
		1FEE0A6B1BA766C700C0345D /* Build configuration list for PBXNativeTarget "StackOverClientTests" */ = {
			isa = XCConfigurationList;
			buildConfigurations = (
				1FEE0A6C1BA766C700C0345D /* Debug */,
				1FEE0A6D1BA766C700C0345D /* Release */,
			);
			defaultConfigurationIsVisible = 0;
			defaultConfigurationName = Release;
		};
/* End XCConfigurationList section */
	};
	rootObject = 1FEE0A3D1BA766C600C0345D /* Project object */;
}
